// !$*UTF8*$!
{
	archiveVersion = 1;
	classes = {
	};
	objectVersion = 56;
	objects = {

/* Begin PBXBuildFile section */
		1D2DD9FD2A7FDBA900313004 /* AppDelegate.swift in Sources */ = {isa = PBXBuildFile; fileRef = 1D2DD9FC2A7FDBA900313004 /* AppDelegate.swift */; };
		1D2DD9FF2A7FDBA900313004 /* SceneDelegate.swift in Sources */ = {isa = PBXBuildFile; fileRef = 1D2DD9FE2A7FDBA900313004 /* SceneDelegate.swift */; };
		1D2DDA012A7FDBA900313004 /* MainViewController.swift in Sources */ = {isa = PBXBuildFile; fileRef = 1D2DDA002A7FDBA900313004 /* MainViewController.swift */; };
		1D2DDA042A7FDBA900313004 /* Main.storyboard in Resources */ = {isa = PBXBuildFile; fileRef = 1D2DDA022A7FDBA900313004 /* Main.storyboard */; };
		1D2DDA062A7FDBAB00313004 /* Assets.xcassets in Resources */ = {isa = PBXBuildFile; fileRef = 1D2DDA052A7FDBAB00313004 /* Assets.xcassets */; };
		1D2DDA092A7FDBAB00313004 /* LaunchScreen.storyboard in Resources */ = {isa = PBXBuildFile; fileRef = 1D2DDA072A7FDBAB00313004 /* LaunchScreen.storyboard */; };
		1DA2D3452A80ECF400BB804A /* SheetViewController.swift in Sources */ = {isa = PBXBuildFile; fileRef = 1DA2D3442A80ECF400BB804A /* SheetViewController.swift */; };
		1DA2D36F2A81AA4A00BB804A /* TintedButton.swift in Sources */ = {isa = PBXBuildFile; fileRef = 1DA2D36E2A81AA4A00BB804A /* TintedButton.swift */; };
		1DFF94FA2A96C12700391FBE /* Product.swift in Sources */ = {isa = PBXBuildFile; fileRef = 1DFF94F92A96C12700391FBE /* Product.swift */; };
/* End PBXBuildFile section */

/* Begin PBXFileReference section */
		1D2DD9F92A7FDBA900313004 /* DeviceChooser.app */ = {isa = PBXFileReference; explicitFileType = wrapper.application; includeInIndex = 0; path = DeviceChooser.app; sourceTree = BUILT_PRODUCTS_DIR; };
		1D2DD9FC2A7FDBA900313004 /* AppDelegate.swift */ = {isa = PBXFileReference; lastKnownFileType = sourcecode.swift; path = AppDelegate.swift; sourceTree = "<group>"; };
		1D2DD9FE2A7FDBA900313004 /* SceneDelegate.swift */ = {isa = PBXFileReference; lastKnownFileType = sourcecode.swift; path = SceneDelegate.swift; sourceTree = "<group>"; };
		1D2DDA002A7FDBA900313004 /* MainViewController.swift */ = {isa = PBXFileReference; lastKnownFileType = sourcecode.swift; path = MainViewController.swift; sourceTree = "<group>"; };
		1D2DDA032A7FDBA900313004 /* Base */ = {isa = PBXFileReference; lastKnownFileType = file.storyboard; name = Base; path = Base.lproj/Main.storyboard; sourceTree = "<group>"; };
		1D2DDA052A7FDBAB00313004 /* Assets.xcassets */ = {isa = PBXFileReference; lastKnownFileType = folder.assetcatalog; path = Assets.xcassets; sourceTree = "<group>"; };
		1D2DDA082A7FDBAB00313004 /* Base */ = {isa = PBXFileReference; lastKnownFileType = file.storyboard; name = Base; path = Base.lproj/LaunchScreen.storyboard; sourceTree = "<group>"; };
		1D2DDA0A2A7FDBAB00313004 /* Info.plist */ = {isa = PBXFileReference; lastKnownFileType = text.plist.xml; path = Info.plist; sourceTree = "<group>"; };
		1DA2D3442A80ECF400BB804A /* SheetViewController.swift */ = {isa = PBXFileReference; lastKnownFileType = sourcecode.swift; path = SheetViewController.swift; sourceTree = "<group>"; };
		1DA2D36E2A81AA4A00BB804A /* TintedButton.swift */ = {isa = PBXFileReference; lastKnownFileType = sourcecode.swift; path = TintedButton.swift; sourceTree = "<group>"; };
		1DFF94F92A96C12700391FBE /* Product.swift */ = {isa = PBXFileReference; lastKnownFileType = sourcecode.swift; path = Product.swift; sourceTree = "<group>"; };
/* End PBXFileReference section */

/* Begin PBXFrameworksBuildPhase section */
		1D2DD9F62A7FDBA900313004 /* Frameworks */ = {
			isa = PBXFrameworksBuildPhase;
			buildActionMask = 2147483647;
			files = (
			);
			runOnlyForDeploymentPostprocessing = 0;
		};
/* End PBXFrameworksBuildPhase section */

/* Begin PBXGroup section */
		1D2DD9F02A7FDBA800313004 = {
			isa = PBXGroup;
			children = (
				1D2DD9FB2A7FDBA900313004 /* DeviceChooser */,
				1D2DD9FA2A7FDBA900313004 /* Products */,
			);
			sourceTree = "<group>";
		};
		1D2DD9FA2A7FDBA900313004 /* Products */ = {
			isa = PBXGroup;
			children = (
				1D2DD9F92A7FDBA900313004 /* DeviceChooser.app */,
			);
			name = Products;
			sourceTree = "<group>";
		};
		1D2DD9FB2A7FDBA900313004 /* DeviceChooser */ = {
			isa = PBXGroup;
			children = (
				1D5577C92A91FDAE0018E075 /* Delegates */,
				1D5577CA2A91FDC40018E075 /* Storyboards */,
				1D5577C82A91FD8E0018E075 /* View_Controllers */,
				1D2DDA052A7FDBAB00313004 /* Assets.xcassets */,
				1D2DDA0A2A7FDBAB00313004 /* Info.plist */,
				1D5577CB2A91FE050018E075 /* Custom_UI_Elements */,
				1DFF94FB2A96C12D00391FBE /* Models */,
			);
			path = DeviceChooser;
			sourceTree = "<group>";
		};
		1D5577C82A91FD8E0018E075 /* View_Controllers */ = {
			isa = PBXGroup;
			children = (
				1DA2D3442A80ECF400BB804A /* SheetViewController.swift */,
				1D2DDA002A7FDBA900313004 /* MainViewController.swift */,
			);
			path = View_Controllers;
			sourceTree = "<group>";
		};
		1D5577C92A91FDAE0018E075 /* Delegates */ = {
			isa = PBXGroup;
			children = (
				1D2DD9FC2A7FDBA900313004 /* AppDelegate.swift */,
				1D2DD9FE2A7FDBA900313004 /* SceneDelegate.swift */,
			);
			path = Delegates;
			sourceTree = "<group>";
		};
		1D5577CA2A91FDC40018E075 /* Storyboards */ = {
			isa = PBXGroup;
			children = (
				1D2DDA072A7FDBAB00313004 /* LaunchScreen.storyboard */,
				1D2DDA022A7FDBA900313004 /* Main.storyboard */,
			);
			path = Storyboards;
			sourceTree = "<group>";
		};
		1D5577CB2A91FE050018E075 /* Custom_UI_Elements */ = {
			isa = PBXGroup;
			children = (
				1DA2D36E2A81AA4A00BB804A /* TintedButton.swift */,
			);
			path = Custom_UI_Elements;
			sourceTree = "<group>";
		};
		1DFF94FB2A96C12D00391FBE /* Models */ = {
			isa = PBXGroup;
			children = (
				1DFF94F92A96C12700391FBE /* Product.swift */,
			);
			path = Models;
			sourceTree = "<group>";
		};
/* End PBXGroup section */

/* Begin PBXNativeTarget section */
		1D2DD9F82A7FDBA900313004 /* DeviceChooser */ = {
			isa = PBXNativeTarget;
			buildConfigurationList = 1D2DDA0D2A7FDBAB00313004 /* Build configuration list for PBXNativeTarget "DeviceChooser" */;
			buildPhases = (
				1D2DD9F52A7FDBA900313004 /* Sources */,
				1D2DD9F62A7FDBA900313004 /* Frameworks */,
				1D2DD9F72A7FDBA900313004 /* Resources */,
			);
			buildRules = (
			);
			dependencies = (
			);
			name = DeviceChooser;
			productName = DeviceChooser;
			productReference = 1D2DD9F92A7FDBA900313004 /* DeviceChooser.app */;
			productType = "com.apple.product-type.application";
		};
/* End PBXNativeTarget section */

/* Begin PBXProject section */
		1D2DD9F12A7FDBA800313004 /* Project object */ = {
			isa = PBXProject;
			attributes = {
				BuildIndependentTargetsInParallel = 1;
				LastSwiftUpdateCheck = 1430;
				LastUpgradeCheck = 1430;
				TargetAttributes = {
					1D2DD9F82A7FDBA900313004 = {
						CreatedOnToolsVersion = 14.3.1;
					};
				};
			};
			buildConfigurationList = 1D2DD9F42A7FDBA800313004 /* Build configuration list for PBXProject "DeviceChooser" */;
			compatibilityVersion = "Xcode 14.0";
			developmentRegion = en;
			hasScannedForEncodings = 0;
			knownRegions = (
				en,
				Base,
			);
			mainGroup = 1D2DD9F02A7FDBA800313004;
			productRefGroup = 1D2DD9FA2A7FDBA900313004 /* Products */;
			projectDirPath = "";
			projectRoot = "";
			targets = (
				1D2DD9F82A7FDBA900313004 /* DeviceChooser */,
			);
		};
/* End PBXProject section */

/* Begin PBXResourcesBuildPhase section */
		1D2DD9F72A7FDBA900313004 /* Resources */ = {
			isa = PBXResourcesBuildPhase;
			buildActionMask = 2147483647;
			files = (
				1D2DDA092A7FDBAB00313004 /* LaunchScreen.storyboard in Resources */,
				1D2DDA062A7FDBAB00313004 /* Assets.xcassets in Resources */,
				1D2DDA042A7FDBA900313004 /* Main.storyboard in Resources */,
			);
			runOnlyForDeploymentPostprocessing = 0;
		};
/* End PBXResourcesBuildPhase section */

/* Begin PBXSourcesBuildPhase section */
		1D2DD9F52A7FDBA900313004 /* Sources */ = {
			isa = PBXSourcesBuildPhase;
			buildActionMask = 2147483647;
			files = (
				1DA2D36F2A81AA4A00BB804A /* TintedButton.swift in Sources */,
				1DA2D3452A80ECF400BB804A /* SheetViewController.swift in Sources */,
				1D2DDA012A7FDBA900313004 /* MainViewController.swift in Sources */,
				1D2DD9FD2A7FDBA900313004 /* AppDelegate.swift in Sources */,
				1D2DD9FF2A7FDBA900313004 /* SceneDelegate.swift in Sources */,
				1DFF94FA2A96C12700391FBE /* Product.swift in Sources */,
			);
			runOnlyForDeploymentPostprocessing = 0;
		};
/* End PBXSourcesBuildPhase section */

/* Begin PBXVariantGroup section */
		1D2DDA022A7FDBA900313004 /* Main.storyboard */ = {
			isa = PBXVariantGroup;
			children = (
				1D2DDA032A7FDBA900313004 /* Base */,
			);
			name = Main.storyboard;
			sourceTree = "<group>";
		};
		1D2DDA072A7FDBAB00313004 /* LaunchScreen.storyboard */ = {
			isa = PBXVariantGroup;
			children = (
				1D2DDA082A7FDBAB00313004 /* Base */,
			);
			name = LaunchScreen.storyboard;
			sourceTree = "<group>";
		};
/* End PBXVariantGroup section */

/* Begin XCBuildConfiguration section */
		1D2DDA0B2A7FDBAB00313004 /* Debug */ = {
			isa = XCBuildConfiguration;
			buildSettings = {
				ALWAYS_SEARCH_USER_PATHS = NO;
				CLANG_ANALYZER_NONNULL = YES;
				CLANG_ANALYZER_NUMBER_OBJECT_CONVERSION = YES_AGGRESSIVE;
				CLANG_CXX_LANGUAGE_STANDARD = "gnu++20";
				CLANG_ENABLE_MODULES = YES;
				CLANG_ENABLE_OBJC_ARC = YES;
				CLANG_ENABLE_OBJC_WEAK = YES;
				CLANG_WARN_BLOCK_CAPTURE_AUTORELEASING = YES;
				CLANG_WARN_BOOL_CONVERSION = YES;
				CLANG_WARN_COMMA = YES;
				CLANG_WARN_CONSTANT_CONVERSION = YES;
				CLANG_WARN_DEPRECATED_OBJC_IMPLEMENTATIONS = YES;
				CLANG_WARN_DIRECT_OBJC_ISA_USAGE = YES_ERROR;
				CLANG_WARN_DOCUMENTATION_COMMENTS = YES;
				CLANG_WARN_EMPTY_BODY = YES;
				CLANG_WARN_ENUM_CONVERSION = YES;
				CLANG_WARN_INFINITE_RECURSION = YES;
				CLANG_WARN_INT_CONVERSION = YES;
				CLANG_WARN_NON_LITERAL_NULL_CONVERSION = YES;
				CLANG_WARN_OBJC_IMPLICIT_RETAIN_SELF = YES;
				CLANG_WARN_OBJC_LITERAL_CONVERSION = YES;
				CLANG_WARN_OBJC_ROOT_CLASS = YES_ERROR;
				CLANG_WARN_QUOTED_INCLUDE_IN_FRAMEWORK_HEADER = YES;
				CLANG_WARN_RANGE_LOOP_ANALYSIS = YES;
				CLANG_WARN_STRICT_PROTOTYPES = YES;
				CLANG_WARN_SUSPICIOUS_MOVE = YES;
				CLANG_WARN_UNGUARDED_AVAILABILITY = YES_AGGRESSIVE;
				CLANG_WARN_UNREACHABLE_CODE = YES;
				CLANG_WARN__DUPLICATE_METHOD_MATCH = YES;
				COPY_PHASE_STRIP = NO;
				DEBUG_INFORMATION_FORMAT = dwarf;
				ENABLE_STRICT_OBJC_MSGSEND = YES;
				ENABLE_TESTABILITY = YES;
				GCC_C_LANGUAGE_STANDARD = gnu11;
				GCC_DYNAMIC_NO_PIC = NO;
				GCC_NO_COMMON_BLOCKS = YES;
				GCC_OPTIMIZATION_LEVEL = 0;
				GCC_PREPROCESSOR_DEFINITIONS = (
					"DEBUG=1",
					"$(inherited)",
				);
				GCC_WARN_64_TO_32_BIT_CONVERSION = YES;
				GCC_WARN_ABOUT_RETURN_TYPE = YES_ERROR;
				GCC_WARN_UNDECLARED_SELECTOR = YES;
				GCC_WARN_UNINITIALIZED_AUTOS = YES_AGGRESSIVE;
				GCC_WARN_UNUSED_FUNCTION = YES;
				GCC_WARN_UNUSED_VARIABLE = YES;
				IPHONEOS_DEPLOYMENT_TARGET = 16.4;
				MTL_ENABLE_DEBUG_INFO = INCLUDE_SOURCE;
				MTL_FAST_MATH = YES;
				ONLY_ACTIVE_ARCH = YES;
				SDKROOT = iphoneos;
				SWIFT_ACTIVE_COMPILATION_CONDITIONS = DEBUG;
				SWIFT_OPTIMIZATION_LEVEL = "-Onone";
			};
			name = Debug;
		};
		1D2DDA0C2A7FDBAB00313004 /* Release */ = {
			isa = XCBuildConfiguration;
			buildSettings = {
				ALWAYS_SEARCH_USER_PATHS = NO;
				CLANG_ANALYZER_NONNULL = YES;
				CLANG_ANALYZER_NUMBER_OBJECT_CONVERSION = YES_AGGRESSIVE;
				CLANG_CXX_LANGUAGE_STANDARD = "gnu++20";
				CLANG_ENABLE_MODULES = YES;
				CLANG_ENABLE_OBJC_ARC = YES;
				CLANG_ENABLE_OBJC_WEAK = YES;
				CLANG_WARN_BLOCK_CAPTURE_AUTORELEASING = YES;
				CLANG_WARN_BOOL_CONVERSION = YES;
				CLANG_WARN_COMMA = YES;
				CLANG_WARN_CONSTANT_CONVERSION = YES;
				CLANG_WARN_DEPRECATED_OBJC_IMPLEMENTATIONS = YES;
				CLANG_WARN_DIRECT_OBJC_ISA_USAGE = YES_ERROR;
				CLANG_WARN_DOCUMENTATION_COMMENTS = YES;
				CLANG_WARN_EMPTY_BODY = YES;
				CLANG_WARN_ENUM_CONVERSION = YES;
				CLANG_WARN_INFINITE_RECURSION = YES;
				CLANG_WARN_INT_CONVERSION = YES;
				CLANG_WARN_NON_LITERAL_NULL_CONVERSION = YES;
				CLANG_WARN_OBJC_IMPLICIT_RETAIN_SELF = YES;
				CLANG_WARN_OBJC_LITERAL_CONVERSION = YES;
				CLANG_WARN_OBJC_ROOT_CLASS = YES_ERROR;
				CLANG_WARN_QUOTED_INCLUDE_IN_FRAMEWORK_HEADER = YES;
				CLANG_WARN_RANGE_LOOP_ANALYSIS = YES;
				CLANG_WARN_STRICT_PROTOTYPES = YES;
				CLANG_WARN_SUSPICIOUS_MOVE = YES;
				CLANG_WARN_UNGUARDED_AVAILABILITY = YES_AGGRESSIVE;
				CLANG_WARN_UNREACHABLE_CODE = YES;
				CLANG_WARN__DUPLICATE_METHOD_MATCH = YES;
				COPY_PHASE_STRIP = NO;
				DEBUG_INFORMATION_FORMAT = "dwarf-with-dsym";
				ENABLE_NS_ASSERTIONS = NO;
				ENABLE_STRICT_OBJC_MSGSEND = YES;
				GCC_C_LANGUAGE_STANDARD = gnu11;
				GCC_NO_COMMON_BLOCKS = YES;
				GCC_WARN_64_TO_32_BIT_CONVERSION = YES;
				GCC_WARN_ABOUT_RETURN_TYPE = YES_ERROR;
				GCC_WARN_UNDECLARED_SELECTOR = YES;
				GCC_WARN_UNINITIALIZED_AUTOS = YES_AGGRESSIVE;
				GCC_WARN_UNUSED_FUNCTION = YES;
				GCC_WARN_UNUSED_VARIABLE = YES;
				IPHONEOS_DEPLOYMENT_TARGET = 16.4;
				MTL_ENABLE_DEBUG_INFO = NO;
				MTL_FAST_MATH = YES;
				SDKROOT = iphoneos;
				SWIFT_COMPILATION_MODE = wholemodule;
				SWIFT_OPTIMIZATION_LEVEL = "-O";
				VALIDATE_PRODUCT = YES;
			};
			name = Release;
		};
		1D2DDA0E2A7FDBAB00313004 /* Debug */ = {
			isa = XCBuildConfiguration;
			buildSettings = {
				ASSETCATALOG_COMPILER_APPICON_NAME = AppIcon;
				ASSETCATALOG_COMPILER_GLOBAL_ACCENT_COLOR_NAME = AccentColor;
				CODE_SIGN_STYLE = Automatic;
				CURRENT_PROJECT_VERSION = 1;
				DEVELOPMENT_TEAM = F8N5K6285G;
				GENERATE_INFOPLIST_FILE = YES;
				INFOPLIST_FILE = DeviceChooser/Info.plist;
				INFOPLIST_KEY_UIApplicationSupportsIndirectInputEvents = YES;
				INFOPLIST_KEY_UILaunchStoryboardName = LaunchScreen;
				INFOPLIST_KEY_UIMainStoryboardFile = Main;
				INFOPLIST_KEY_UISupportedInterfaceOrientations_iPad = "UIInterfaceOrientationPortrait UIInterfaceOrientationPortraitUpsideDown UIInterfaceOrientationLandscapeLeft UIInterfaceOrientationLandscapeRight";
				INFOPLIST_KEY_UISupportedInterfaceOrientations_iPhone = "UIInterfaceOrientationPortrait UIInterfaceOrientationLandscapeLeft UIInterfaceOrientationLandscapeRight";
				LD_RUNPATH_SEARCH_PATHS = (
					"$(inherited)",
					"@executable_path/Frameworks",
				);
				MARKETING_VERSION = 1.0;
				PRODUCT_BUNDLE_IDENTIFIER = BelalHmeidat.DeviceChooser;
				PRODUCT_NAME = "$(TARGET_NAME)";
				SWIFT_EMIT_LOC_STRINGS = YES;
				SWIFT_VERSION = 5.0;
				TARGETED_DEVICE_FAMILY = "1,2";
			};
			name = Debug;
		};
		1D2DDA0F2A7FDBAB00313004 /* Release */ = {
			isa = XCBuildConfiguration;
			buildSettings = {
				ASSETCATALOG_COMPILER_APPICON_NAME = AppIcon;
				ASSETCATALOG_COMPILER_GLOBAL_ACCENT_COLOR_NAME = AccentColor;
				CODE_SIGN_STYLE = Automatic;
				CURRENT_PROJECT_VERSION = 1;
				DEVELOPMENT_TEAM = F8N5K6285G;
				GENERATE_INFOPLIST_FILE = YES;
				INFOPLIST_FILE = DeviceChooser/Info.plist;
				INFOPLIST_KEY_UIApplicationSupportsIndirectInputEvents = YES;
				INFOPLIST_KEY_UILaunchStoryboardName = LaunchScreen;
				INFOPLIST_KEY_UIMainStoryboardFile = Main;
				INFOPLIST_KEY_UISupportedInterfaceOrientations_iPad = "UIInterfaceOrientationPortrait UIInterfaceOrientationPortraitUpsideDown UIInterfaceOrientationLandscapeLeft UIInterfaceOrientationLandscapeRight";
				INFOPLIST_KEY_UISupportedInterfaceOrientations_iPhone = "UIInterfaceOrientationPortrait UIInterfaceOrientationLandscapeLeft UIInterfaceOrientationLandscapeRight";
				LD_RUNPATH_SEARCH_PATHS = (
					"$(inherited)",
					"@executable_path/Frameworks",
				);
				MARKETING_VERSION = 1.0;
				PRODUCT_BUNDLE_IDENTIFIER = BelalHmeidat.DeviceChooser;
				PRODUCT_NAME = "$(TARGET_NAME)";
				SWIFT_EMIT_LOC_STRINGS = YES;
				SWIFT_VERSION = 5.0;
				TARGETED_DEVICE_FAMILY = "1,2";
			};
			name = Release;
		};
/* End XCBuildConfiguration section */

/* Begin XCConfigurationList section */
		1D2DD9F42A7FDBA800313004 /* Build configuration list for PBXProject "DeviceChooser" */ = {
			isa = XCConfigurationList;
			buildConfigurations = (
				1D2DDA0B2A7FDBAB00313004 /* Debug */,
				1D2DDA0C2A7FDBAB00313004 /* Release */,
			);
			defaultConfigurationIsVisible = 0;
			defaultConfigurationName = Release;
		};
		1D2DDA0D2A7FDBAB00313004 /* Build configuration list for PBXNativeTarget "DeviceChooser" */ = {
			isa = XCConfigurationList;
			buildConfigurations = (
				1D2DDA0E2A7FDBAB00313004 /* Debug */,
				1D2DDA0F2A7FDBAB00313004 /* Release */,
			);
			defaultConfigurationIsVisible = 0;
			defaultConfigurationName = Release;
		};
/* End XCConfigurationList section */
	};
	rootObject = 1D2DD9F12A7FDBA800313004 /* Project object */;
}
